PODS:
  - Alamofire (5.4.0)
  - SPAlert (3.0.3)
  - SPStorkController (1.8.4)

DEPENDENCIES:
  - Alamofire
  - SPAlert
  - SPStorkController

SPEC REPOS:
  trunk:
    - Alamofire
    - SPAlert
    - SPStorkController

SPEC CHECKSUMS:
  Alamofire: 3b6a534a3df22db367e4dedeeca73d1ddfcf0e2f
  SPAlert: f01599d5224e93547cbb9364b2c42e88074644b9
  SPStorkController: 95926db63e1c5826f38f1c108b159a3c35c588a6

PODFILE CHECKSUM: 82145362f19bfdcc1f25ea4bc445f2c4c3f1a739

COCOAPODS: 1.10.0
