// !$*UTF8*$!
{
	archiveVersion = 1;
	classes = {
	};
	objectVersion = 51;
	objects = {

/* Begin PBXBuildFile section */
		4422972E25E8D7D2004424C3 /* ServerPlayersViewController.swift in Sources */ = {isa = PBXBuildFile; fileRef = 4422972C25E8D7D2004424C3 /* ServerPlayersViewController.swift */; };
		4422972F25E8D7D2004424C3 /* ServerPlayersViewController.xib in Resources */ = {isa = PBXBuildFile; fileRef = 4422972D25E8D7D2004424C3 /* ServerPlayersViewController.xib */; };
		4422973B25E8D8AF004424C3 /* ServerConsoleViewController.swift in Sources */ = {isa = PBXBuildFile; fileRef = 4422973925E8D8AF004424C3 /* ServerConsoleViewController.swift */; };
		4422973C25E8D8AF004424C3 /* ServerConsoleViewController.xib in Resources */ = {isa = PBXBuildFile; fileRef = 4422973A25E8D8AF004424C3 /* ServerConsoleViewController.xib */; };
		4422974225E8D929004424C3 /* ServerMapsTableViewController.swift in Sources */ = {isa = PBXBuildFile; fileRef = 4422974025E8D929004424C3 /* ServerMapsTableViewController.swift */; };
		4422974325E8D929004424C3 /* ServerMapsTableViewController.xib in Resources */ = {isa = PBXBuildFile; fileRef = 4422974125E8D929004424C3 /* ServerMapsTableViewController.xib */; };
		4422977425EAA78B004424C3 /* ServerInfoTabBarController.swift in Sources */ = {isa = PBXBuildFile; fileRef = 4422977325EAA78B004424C3 /* ServerInfoTabBarController.swift */; };
		4422977B25EAB637004424C3 /* ServerInfoTableViewCell.swift in Sources */ = {isa = PBXBuildFile; fileRef = 4422977925EAB637004424C3 /* ServerInfoTableViewCell.swift */; };
		4422977C25EAB637004424C3 /* ServerInfoTableViewCell.xib in Resources */ = {isa = PBXBuildFile; fileRef = 4422977A25EAB637004424C3 /* ServerInfoTableViewCell.xib */; };
		446C2BC825DFE5DB0037C732 /* Metropolis-Black.otf in Resources */ = {isa = PBXBuildFile; fileRef = 446C2B9B25DFE1B90037C732 /* Metropolis-Black.otf */; };
		446C2BCA25DFE5E00037C732 /* Metropolis-BlackItalic.otf in Resources */ = {isa = PBXBuildFile; fileRef = 446C2B9625DFE1B90037C732 /* Metropolis-BlackItalic.otf */; };
		446C2BCE25DFE5E60037C732 /* Metropolis-BoldItalic.otf in Resources */ = {isa = PBXBuildFile; fileRef = 446C2BA025DFE1BB0037C732 /* Metropolis-BoldItalic.otf */; };
		446C2BD025DFE5EA0037C732 /* Metropolis-ExtraBold.otf in Resources */ = {isa = PBXBuildFile; fileRef = 446C2BA425DFE1BB0037C732 /* Metropolis-ExtraBold.otf */; };
		446C2BD225DFE5ED0037C732 /* Metropolis-ExtraBoldItalic.otf in Resources */ = {isa = PBXBuildFile; fileRef = 446C2BA325DFE1BB0037C732 /* Metropolis-ExtraBoldItalic.otf */; };
		446C2BD425DFE5EF0037C732 /* Metropolis-ExtraLight.otf in Resources */ = {isa = PBXBuildFile; fileRef = 446C2B9F25DFE1BA0037C732 /* Metropolis-ExtraLight.otf */; };
		446C2BD625DFE5FC0037C732 /* Metropolis-ExtraLightItalic.otf in Resources */ = {isa = PBXBuildFile; fileRef = 446C2B9725DFE1B90037C732 /* Metropolis-ExtraLightItalic.otf */; };
		446C2BD825DFE5FE0037C732 /* Metropolis-Light.otf in Resources */ = {isa = PBXBuildFile; fileRef = 446C2BA625DFE1BC0037C732 /* Metropolis-Light.otf */; };
		446C2BDA25DFE6020037C732 /* Metropolis-LightItalic.otf in Resources */ = {isa = PBXBuildFile; fileRef = 446C2BA125DFE1BB0037C732 /* Metropolis-LightItalic.otf */; };
		446C2BDC25DFE6040037C732 /* Metropolis-Medium.otf in Resources */ = {isa = PBXBuildFile; fileRef = 446C2B9D25DFE1BA0037C732 /* Metropolis-Medium.otf */; };
		446C2BDE25DFE60C0037C732 /* Metropolis-MediumItalic.otf in Resources */ = {isa = PBXBuildFile; fileRef = 446C2BA225DFE1BB0037C732 /* Metropolis-MediumItalic.otf */; };
		446C2BE225DFE6100037C732 /* Metropolis-RegularItalic.otf in Resources */ = {isa = PBXBuildFile; fileRef = 446C2B9E25DFE1BA0037C732 /* Metropolis-RegularItalic.otf */; };
		446C2BE625DFE6150037C732 /* Metropolis-SemiBoldItalic.otf in Resources */ = {isa = PBXBuildFile; fileRef = 446C2B9C25DFE1BA0037C732 /* Metropolis-SemiBoldItalic.otf */; };
		446C2BE825DFE6170037C732 /* Metropolis-Thin.otf in Resources */ = {isa = PBXBuildFile; fileRef = 446C2B9925DFE1B90037C732 /* Metropolis-Thin.otf */; };
		446C2BEA25DFE61A0037C732 /* Metropolis-ThinItalic.otf in Resources */ = {isa = PBXBuildFile; fileRef = 446C2B9A25DFE1B90037C732 /* Metropolis-ThinItalic.otf */; };
		446C2BEC25DFE61C0037C732 /* Metropolis-Regular.otf in Resources */ = {isa = PBXBuildFile; fileRef = 446C2B9325DFE0530037C732 /* Metropolis-Regular.otf */; };
		446C2BEE25DFE61F0037C732 /* Metropolis-Bold.otf in Resources */ = {isa = PBXBuildFile; fileRef = 446C2B6A25DFB9180037C732 /* Metropolis-Bold.otf */; };
		446C2BF025DFE6220037C732 /* Metropolis-SemiBold.otf in Resources */ = {isa = PBXBuildFile; fileRef = 446C2B6B25DFB9180037C732 /* Metropolis-SemiBold.otf */; };
		446C2BF625E0012C0037C732 /* Server.swift in Sources */ = {isa = PBXBuildFile; fileRef = 446C2BF525E0012C0037C732 /* Server.swift */; };
		448CA2F425DE7BEF00E57FDE /* MyArenaService.swift in Sources */ = {isa = PBXBuildFile; fileRef = 448CA2F325DE7BEF00E57FDE /* MyArenaService.swift */; };
		448CA31225DF0F4100E57FDE /* ServerResult.swift in Sources */ = {isa = PBXBuildFile; fileRef = 448CA31125DF0F4100E57FDE /* ServerResult.swift */; };
		448CA31725DF18E100E57FDE /* ServersListTableViewController.swift in Sources */ = {isa = PBXBuildFile; fileRef = 448CA31525DF18E100E57FDE /* ServersListTableViewController.swift */; };
		448CA31D25DF1A9A00E57FDE /* ServersListTableViewCell.swift in Sources */ = {isa = PBXBuildFile; fileRef = 448CA31B25DF1A9A00E57FDE /* ServersListTableViewCell.swift */; };
		448CA31E25DF1A9A00E57FDE /* ServersListTableViewCell.xib in Resources */ = {isa = PBXBuildFile; fileRef = 448CA31C25DF1A9A00E57FDE /* ServersListTableViewCell.xib */; };
		44A2610425DD7283009A44DA /* AppDelegate.swift in Sources */ = {isa = PBXBuildFile; fileRef = 44A2610325DD7283009A44DA /* AppDelegate.swift */; };
		44A2610625DD7283009A44DA /* SceneDelegate.swift in Sources */ = {isa = PBXBuildFile; fileRef = 44A2610525DD7283009A44DA /* SceneDelegate.swift */; };
		44A2610D25DD72A0009A44DA /* Assets.xcassets in Resources */ = {isa = PBXBuildFile; fileRef = 44A2610C25DD72A0009A44DA /* Assets.xcassets */; };
		44A2611025DD72A0009A44DA /* LaunchScreen.storyboard in Resources */ = {isa = PBXBuildFile; fileRef = 44A2610E25DD72A0009A44DA /* LaunchScreen.storyboard */; };
		44A2612725DD7F51009A44DA /* Box.swift in Sources */ = {isa = PBXBuildFile; fileRef = 44A2612625DD7F51009A44DA /* Box.swift */; };
		44A2613825DD83CC009A44DA /* NibLoadable.swift in Sources */ = {isa = PBXBuildFile; fileRef = 44A2613725DD83CC009A44DA /* NibLoadable.swift */; };
		44A3C50825E1C0800098D77E /* ServerInfoViewController.swift in Sources */ = {isa = PBXBuildFile; fileRef = 44A3C50625E1C0800098D77E /* ServerInfoViewController.swift */; };
		44A3C50925E1C0800098D77E /* ServerInfoViewController.xib in Resources */ = {isa = PBXBuildFile; fileRef = 44A3C50725E1C0800098D77E /* ServerInfoViewController.xib */; };
		44A3C51F25E265C30098D77E /* AddServerViewController.swift in Sources */ = {isa = PBXBuildFile; fileRef = 44A3C51D25E265C30098D77E /* AddServerViewController.swift */; };
		44A3C52025E265C30098D77E /* AddServerViewController.xib in Resources */ = {isa = PBXBuildFile; fileRef = 44A3C51E25E265C30098D77E /* AddServerViewController.xib */; };
		44A3C52B25E2A6150098D77E /* NetworkError.swift in Sources */ = {isa = PBXBuildFile; fileRef = 44A3C52A25E2A6150098D77E /* NetworkError.swift */; };
		44A3C53025E2D2120098D77E /* DataManager.swift in Sources */ = {isa = PBXBuildFile; fileRef = 44A3C52F25E2D2120098D77E /* DataManager.swift */; };
		CC1028F7DEAB65D00DE7A998 /* Pods_CS_MyArena.framework in Frameworks */ = {isa = PBXBuildFile; fileRef = 664935A9664E2135583800AE /* Pods_CS_MyArena.framework */; };
/* End PBXBuildFile section */

/* Begin PBXFileReference section */
		4422972C25E8D7D2004424C3 /* ServerPlayersViewController.swift */ = {isa = PBXFileReference; lastKnownFileType = sourcecode.swift; path = ServerPlayersViewController.swift; sourceTree = "<group>"; };
		4422972D25E8D7D2004424C3 /* ServerPlayersViewController.xib */ = {isa = PBXFileReference; lastKnownFileType = file.xib; path = ServerPlayersViewController.xib; sourceTree = "<group>"; };
		4422973925E8D8AF004424C3 /* ServerConsoleViewController.swift */ = {isa = PBXFileReference; lastKnownFileType = sourcecode.swift; path = ServerConsoleViewController.swift; sourceTree = "<group>"; };
		4422973A25E8D8AF004424C3 /* ServerConsoleViewController.xib */ = {isa = PBXFileReference; lastKnownFileType = file.xib; path = ServerConsoleViewController.xib; sourceTree = "<group>"; };
		4422974025E8D929004424C3 /* ServerMapsTableViewController.swift */ = {isa = PBXFileReference; lastKnownFileType = sourcecode.swift; path = ServerMapsTableViewController.swift; sourceTree = "<group>"; };
		4422974125E8D929004424C3 /* ServerMapsTableViewController.xib */ = {isa = PBXFileReference; lastKnownFileType = file.xib; path = ServerMapsTableViewController.xib; sourceTree = "<group>"; };
		4422977325EAA78B004424C3 /* ServerInfoTabBarController.swift */ = {isa = PBXFileReference; lastKnownFileType = sourcecode.swift; name = ServerInfoTabBarController.swift; path = "CS-MyArena/Screens/ServerInfo/ServerInfoTabBarController.swift"; sourceTree = SOURCE_ROOT; };
		4422977925EAB637004424C3 /* ServerInfoTableViewCell.swift */ = {isa = PBXFileReference; lastKnownFileType = sourcecode.swift; path = ServerInfoTableViewCell.swift; sourceTree = "<group>"; };
		4422977A25EAB637004424C3 /* ServerInfoTableViewCell.xib */ = {isa = PBXFileReference; lastKnownFileType = file.xib; path = ServerInfoTableViewCell.xib; sourceTree = "<group>"; };
		446C2B6A25DFB9180037C732 /* Metropolis-Bold.otf */ = {isa = PBXFileReference; lastKnownFileType = file; path = "Metropolis-Bold.otf"; sourceTree = "<group>"; };
		446C2B6B25DFB9180037C732 /* Metropolis-SemiBold.otf */ = {isa = PBXFileReference; lastKnownFileType = file; path = "Metropolis-SemiBold.otf"; sourceTree = "<group>"; };
		446C2B9325DFE0530037C732 /* Metropolis-Regular.otf */ = {isa = PBXFileReference; lastKnownFileType = file; path = "Metropolis-Regular.otf"; sourceTree = "<group>"; };
		446C2B9625DFE1B90037C732 /* Metropolis-BlackItalic.otf */ = {isa = PBXFileReference; lastKnownFileType = file; path = "Metropolis-BlackItalic.otf"; sourceTree = "<group>"; };
		446C2B9725DFE1B90037C732 /* Metropolis-ExtraLightItalic.otf */ = {isa = PBXFileReference; lastKnownFileType = file; path = "Metropolis-ExtraLightItalic.otf"; sourceTree = "<group>"; };
		446C2B9925DFE1B90037C732 /* Metropolis-Thin.otf */ = {isa = PBXFileReference; lastKnownFileType = file; path = "Metropolis-Thin.otf"; sourceTree = "<group>"; };
		446C2B9A25DFE1B90037C732 /* Metropolis-ThinItalic.otf */ = {isa = PBXFileReference; lastKnownFileType = file; path = "Metropolis-ThinItalic.otf"; sourceTree = "<group>"; };
		446C2B9B25DFE1B90037C732 /* Metropolis-Black.otf */ = {isa = PBXFileReference; lastKnownFileType = file; path = "Metropolis-Black.otf"; sourceTree = "<group>"; };
		446C2B9C25DFE1BA0037C732 /* Metropolis-SemiBoldItalic.otf */ = {isa = PBXFileReference; lastKnownFileType = file; path = "Metropolis-SemiBoldItalic.otf"; sourceTree = "<group>"; };
		446C2B9D25DFE1BA0037C732 /* Metropolis-Medium.otf */ = {isa = PBXFileReference; lastKnownFileType = file; path = "Metropolis-Medium.otf"; sourceTree = "<group>"; };
		446C2B9E25DFE1BA0037C732 /* Metropolis-RegularItalic.otf */ = {isa = PBXFileReference; lastKnownFileType = file; path = "Metropolis-RegularItalic.otf"; sourceTree = "<group>"; };
		446C2B9F25DFE1BA0037C732 /* Metropolis-ExtraLight.otf */ = {isa = PBXFileReference; lastKnownFileType = file; path = "Metropolis-ExtraLight.otf"; sourceTree = "<group>"; };
		446C2BA025DFE1BB0037C732 /* Metropolis-BoldItalic.otf */ = {isa = PBXFileReference; lastKnownFileType = file; path = "Metropolis-BoldItalic.otf"; sourceTree = "<group>"; };
		446C2BA125DFE1BB0037C732 /* Metropolis-LightItalic.otf */ = {isa = PBXFileReference; lastKnownFileType = file; path = "Metropolis-LightItalic.otf"; sourceTree = "<group>"; };
		446C2BA225DFE1BB0037C732 /* Metropolis-MediumItalic.otf */ = {isa = PBXFileReference; lastKnownFileType = file; path = "Metropolis-MediumItalic.otf"; sourceTree = "<group>"; };
		446C2BA325DFE1BB0037C732 /* Metropolis-ExtraBoldItalic.otf */ = {isa = PBXFileReference; lastKnownFileType = file; path = "Metropolis-ExtraBoldItalic.otf"; sourceTree = "<group>"; };
		446C2BA425DFE1BB0037C732 /* Metropolis-ExtraBold.otf */ = {isa = PBXFileReference; lastKnownFileType = file; path = "Metropolis-ExtraBold.otf"; sourceTree = "<group>"; };
		446C2BA625DFE1BC0037C732 /* Metropolis-Light.otf */ = {isa = PBXFileReference; lastKnownFileType = file; path = "Metropolis-Light.otf"; sourceTree = "<group>"; };
		446C2BF525E0012C0037C732 /* Server.swift */ = {isa = PBXFileReference; lastKnownFileType = sourcecode.swift; path = Server.swift; sourceTree = "<group>"; };
		448CA2F325DE7BEF00E57FDE /* MyArenaService.swift */ = {isa = PBXFileReference; lastKnownFileType = sourcecode.swift; path = MyArenaService.swift; sourceTree = "<group>"; };
		448CA31125DF0F4100E57FDE /* ServerResult.swift */ = {isa = PBXFileReference; lastKnownFileType = sourcecode.swift; path = ServerResult.swift; sourceTree = "<group>"; };
		448CA31525DF18E100E57FDE /* ServersListTableViewController.swift */ = {isa = PBXFileReference; lastKnownFileType = sourcecode.swift; path = ServersListTableViewController.swift; sourceTree = "<group>"; };
		448CA31B25DF1A9A00E57FDE /* ServersListTableViewCell.swift */ = {isa = PBXFileReference; lastKnownFileType = sourcecode.swift; path = ServersListTableViewCell.swift; sourceTree = "<group>"; };
		448CA31C25DF1A9A00E57FDE /* ServersListTableViewCell.xib */ = {isa = PBXFileReference; lastKnownFileType = file.xib; path = ServersListTableViewCell.xib; sourceTree = "<group>"; };
		44A2610025DD7283009A44DA /* CS-MyArena.app */ = {isa = PBXFileReference; explicitFileType = wrapper.application; includeInIndex = 0; path = "CS-MyArena.app"; sourceTree = BUILT_PRODUCTS_DIR; };
		44A2610325DD7283009A44DA /* AppDelegate.swift */ = {isa = PBXFileReference; lastKnownFileType = sourcecode.swift; path = AppDelegate.swift; sourceTree = "<group>"; };
		44A2610525DD7283009A44DA /* SceneDelegate.swift */ = {isa = PBXFileReference; lastKnownFileType = sourcecode.swift; path = SceneDelegate.swift; sourceTree = "<group>"; };
		44A2610C25DD72A0009A44DA /* Assets.xcassets */ = {isa = PBXFileReference; lastKnownFileType = folder.assetcatalog; path = Assets.xcassets; sourceTree = "<group>"; };
		44A2610F25DD72A0009A44DA /* Base */ = {isa = PBXFileReference; lastKnownFileType = file.storyboard; name = Base; path = Base.lproj/LaunchScreen.storyboard; sourceTree = "<group>"; };
		44A2611125DD72A0009A44DA /* Info.plist */ = {isa = PBXFileReference; lastKnownFileType = text.plist.xml; path = Info.plist; sourceTree = "<group>"; };
		44A2612625DD7F51009A44DA /* Box.swift */ = {isa = PBXFileReference; lastKnownFileType = sourcecode.swift; path = Box.swift; sourceTree = "<group>"; };
		44A2613725DD83CC009A44DA /* NibLoadable.swift */ = {isa = PBXFileReference; lastKnownFileType = sourcecode.swift; path = NibLoadable.swift; sourceTree = "<group>"; };
		44A3C50625E1C0800098D77E /* ServerInfoViewController.swift */ = {isa = PBXFileReference; lastKnownFileType = sourcecode.swift; path = ServerInfoViewController.swift; sourceTree = "<group>"; };
		44A3C50725E1C0800098D77E /* ServerInfoViewController.xib */ = {isa = PBXFileReference; lastKnownFileType = file.xib; path = ServerInfoViewController.xib; sourceTree = "<group>"; };
		44A3C51D25E265C30098D77E /* AddServerViewController.swift */ = {isa = PBXFileReference; lastKnownFileType = sourcecode.swift; path = AddServerViewController.swift; sourceTree = "<group>"; };
		44A3C51E25E265C30098D77E /* AddServerViewController.xib */ = {isa = PBXFileReference; lastKnownFileType = file.xib; path = AddServerViewController.xib; sourceTree = "<group>"; };
		44A3C52A25E2A6150098D77E /* NetworkError.swift */ = {isa = PBXFileReference; lastKnownFileType = sourcecode.swift; path = NetworkError.swift; sourceTree = "<group>"; };
		44A3C52F25E2D2120098D77E /* DataManager.swift */ = {isa = PBXFileReference; lastKnownFileType = sourcecode.swift; path = DataManager.swift; sourceTree = "<group>"; };
		51ABC9F2C0C40CC11601CFB3 /* Pods-CS-MyArena.debug.xcconfig */ = {isa = PBXFileReference; includeInIndex = 1; lastKnownFileType = text.xcconfig; name = "Pods-CS-MyArena.debug.xcconfig"; path = "Target Support Files/Pods-CS-MyArena/Pods-CS-MyArena.debug.xcconfig"; sourceTree = "<group>"; };
		664935A9664E2135583800AE /* Pods_CS_MyArena.framework */ = {isa = PBXFileReference; explicitFileType = wrapper.framework; includeInIndex = 0; path = Pods_CS_MyArena.framework; sourceTree = BUILT_PRODUCTS_DIR; };
		67B391D784E6E3E68D3E6191 /* Pods-CS-MyArena.release.xcconfig */ = {isa = PBXFileReference; includeInIndex = 1; lastKnownFileType = text.xcconfig; name = "Pods-CS-MyArena.release.xcconfig"; path = "Target Support Files/Pods-CS-MyArena/Pods-CS-MyArena.release.xcconfig"; sourceTree = "<group>"; };
/* End PBXFileReference section */

/* Begin PBXFrameworksBuildPhase section */
		44A260FD25DD7283009A44DA /* Frameworks */ = {
			isa = PBXFrameworksBuildPhase;
			buildActionMask = 2147483647;
			files = (
				CC1028F7DEAB65D00DE7A998 /* Pods_CS_MyArena.framework in Frameworks */,
			);
			runOnlyForDeploymentPostprocessing = 0;
		};
/* End PBXFrameworksBuildPhase section */

/* Begin PBXGroup section */
		4422972B25E8D7AF004424C3 /* ServerPlayers */ = {
			isa = PBXGroup;
			children = (
				4422972C25E8D7D2004424C3 /* ServerPlayersViewController.swift */,
				4422972D25E8D7D2004424C3 /* ServerPlayersViewController.xib */,
			);
			path = ServerPlayers;
			sourceTree = "<group>";
		};
		4422973125E8D84A004424C3 /* ServerMaps */ = {
			isa = PBXGroup;
			children = (
				4422974025E8D929004424C3 /* ServerMapsTableViewController.swift */,
				4422974125E8D929004424C3 /* ServerMapsTableViewController.xib */,
			);
			path = ServerMaps;
			sourceTree = "<group>";
		};
		4422973225E8D872004424C3 /* ServerConsole */ = {
			isa = PBXGroup;
			children = (
				4422973925E8D8AF004424C3 /* ServerConsoleViewController.swift */,
				4422973A25E8D8AF004424C3 /* ServerConsoleViewController.xib */,
			);
			path = ServerConsole;
			sourceTree = "<group>";
		};
		4422977825EAB619004424C3 /* Cell */ = {
			isa = PBXGroup;
			children = (
				4422977925EAB637004424C3 /* ServerInfoTableViewCell.swift */,
				4422977A25EAB637004424C3 /* ServerInfoTableViewCell.xib */,
			);
			path = Cell;
			sourceTree = "<group>";
		};
		446C2B6825DFB8EE0037C732 /* Resources */ = {
			isa = PBXGroup;
			children = (
				446C2B6925DFB8F60037C732 /* Fonts */,
			);
			path = Resources;
			sourceTree = "<group>";
		};
		446C2B6925DFB8F60037C732 /* Fonts */ = {
			isa = PBXGroup;
			children = (
				446C2B9B25DFE1B90037C732 /* Metropolis-Black.otf */,
				446C2B9625DFE1B90037C732 /* Metropolis-BlackItalic.otf */,
				446C2BA025DFE1BB0037C732 /* Metropolis-BoldItalic.otf */,
				446C2BA425DFE1BB0037C732 /* Metropolis-ExtraBold.otf */,
				446C2BA325DFE1BB0037C732 /* Metropolis-ExtraBoldItalic.otf */,
				446C2B9F25DFE1BA0037C732 /* Metropolis-ExtraLight.otf */,
				446C2B9725DFE1B90037C732 /* Metropolis-ExtraLightItalic.otf */,
				446C2BA625DFE1BC0037C732 /* Metropolis-Light.otf */,
				446C2BA125DFE1BB0037C732 /* Metropolis-LightItalic.otf */,
				446C2B9D25DFE1BA0037C732 /* Metropolis-Medium.otf */,
				446C2BA225DFE1BB0037C732 /* Metropolis-MediumItalic.otf */,
				446C2B9E25DFE1BA0037C732 /* Metropolis-RegularItalic.otf */,
				446C2B9C25DFE1BA0037C732 /* Metropolis-SemiBoldItalic.otf */,
				446C2B9925DFE1B90037C732 /* Metropolis-Thin.otf */,
				446C2B9A25DFE1B90037C732 /* Metropolis-ThinItalic.otf */,
				446C2B9325DFE0530037C732 /* Metropolis-Regular.otf */,
				446C2B6A25DFB9180037C732 /* Metropolis-Bold.otf */,
				446C2B6B25DFB9180037C732 /* Metropolis-SemiBold.otf */,
			);
			path = Fonts;
			sourceTree = "<group>";
		};
		448CA2F225DE7BCC00E57FDE /* Managers */ = {
			isa = PBXGroup;
			children = (
				44A3C52F25E2D2120098D77E /* DataManager.swift */,
			);
			path = Managers;
			sourceTree = "<group>";
		};
		448CA2FF25DE858000E57FDE /* Extentions */ = {
			isa = PBXGroup;
			children = (
			);
			path = Extentions;
			sourceTree = "<group>";
		};
		448CA31A25DF1A7200E57FDE /* Cell */ = {
			isa = PBXGroup;
			children = (
				448CA31B25DF1A9A00E57FDE /* ServersListTableViewCell.swift */,
				448CA31C25DF1A9A00E57FDE /* ServersListTableViewCell.xib */,
			);
			path = Cell;
			sourceTree = "<group>";
		};
		44A260F725DD7282009A44DA = {
			isa = PBXGroup;
			children = (
				44A2610225DD7283009A44DA /* CS-MyArena */,
				44A2610125DD7283009A44DA /* Products */,
				9B42B75D81601866B8AF8B41 /* Pods */,
				80AE47B37AD3A32A3CE20502 /* Frameworks */,
			);
			sourceTree = "<group>";
		};
		44A2610125DD7283009A44DA /* Products */ = {
			isa = PBXGroup;
			children = (
				44A2610025DD7283009A44DA /* CS-MyArena.app */,
			);
			name = Products;
			sourceTree = "<group>";
		};
		44A2610225DD7283009A44DA /* CS-MyArena */ = {
			isa = PBXGroup;
			children = (
				44A2613A25DD8400009A44DA /* Screens */,
				44A2612225DD7CAC009A44DA /* Models */,
				44A2613625DD8270009A44DA /* Services */,
				448CA2F225DE7BCC00E57FDE /* Managers */,
				448CA2FF25DE858000E57FDE /* Extentions */,
				44A2612525DD7F44009A44DA /* Utilities */,
				44A2612B25DD7FD3009A44DA /* Storyboards */,
				44A2612925DD7F77009A44DA /* Supporting Files */,
				44A2610C25DD72A0009A44DA /* Assets.xcassets */,
				446C2B6825DFB8EE0037C732 /* Resources */,
			);
			path = "CS-MyArena";
			sourceTree = "<group>";
		};
		44A2612225DD7CAC009A44DA /* Models */ = {
			isa = PBXGroup;
			children = (
				448CA31125DF0F4100E57FDE /* ServerResult.swift */,
				446C2BF525E0012C0037C732 /* Server.swift */,
			);
			path = Models;
			sourceTree = "<group>";
		};
		44A2612525DD7F44009A44DA /* Utilities */ = {
			isa = PBXGroup;
			children = (
				44A2612625DD7F51009A44DA /* Box.swift */,
				44A2613725DD83CC009A44DA /* NibLoadable.swift */,
			);
			path = Utilities;
			sourceTree = "<group>";
		};
		44A2612925DD7F77009A44DA /* Supporting Files */ = {
			isa = PBXGroup;
			children = (
				44A2610325DD7283009A44DA /* AppDelegate.swift */,
				44A2610525DD7283009A44DA /* SceneDelegate.swift */,
				44A2611125DD72A0009A44DA /* Info.plist */,
			);
			path = "Supporting Files";
			sourceTree = "<group>";
		};
		44A2612B25DD7FD3009A44DA /* Storyboards */ = {
			isa = PBXGroup;
			children = (
				44A2610E25DD72A0009A44DA /* LaunchScreen.storyboard */,
			);
			path = Storyboards;
			sourceTree = "<group>";
		};
		44A2613625DD8270009A44DA /* Services */ = {
			isa = PBXGroup;
			children = (
				44A3C52A25E2A6150098D77E /* NetworkError.swift */,
				448CA2F325DE7BEF00E57FDE /* MyArenaService.swift */,
			);
			path = Services;
			sourceTree = "<group>";
		};
		44A2613A25DD8400009A44DA /* Screens */ = {
			isa = PBXGroup;
			children = (
				44A3C50525E1C0680098D77E /* ServerInfo */,
				4422973125E8D84A004424C3 /* ServerMaps */,
				4422972B25E8D7AF004424C3 /* ServerPlayers */,
				4422973225E8D872004424C3 /* ServerConsole */,
				44A2615625DD848E009A44DA /* ServersList */,
				44A3C51C25E265A80098D77E /* AddServer */,
			);
			path = Screens;
			sourceTree = "<group>";
		};
		44A2615625DD848E009A44DA /* ServersList */ = {
			isa = PBXGroup;
			children = (
				448CA31A25DF1A7200E57FDE /* Cell */,
				448CA31525DF18E100E57FDE /* ServersListTableViewController.swift */,
			);
			path = ServersList;
			sourceTree = "<group>";
		};
		44A3C50525E1C0680098D77E /* ServerInfo */ = {
			isa = PBXGroup;
			children = (
				4422977825EAB619004424C3 /* Cell */,
				4422977325EAA78B004424C3 /* ServerInfoTabBarController.swift */,
				44A3C50625E1C0800098D77E /* ServerInfoViewController.swift */,
				44A3C50725E1C0800098D77E /* ServerInfoViewController.xib */,
			);
			path = ServerInfo;
			sourceTree = "<group>";
		};
		44A3C51C25E265A80098D77E /* AddServer */ = {
			isa = PBXGroup;
			children = (
				44A3C51D25E265C30098D77E /* AddServerViewController.swift */,
				44A3C51E25E265C30098D77E /* AddServerViewController.xib */,
			);
			path = AddServer;
			sourceTree = "<group>";
		};
		80AE47B37AD3A32A3CE20502 /* Frameworks */ = {
			isa = PBXGroup;
			children = (
				664935A9664E2135583800AE /* Pods_CS_MyArena.framework */,
			);
			name = Frameworks;
			sourceTree = "<group>";
		};
		9B42B75D81601866B8AF8B41 /* Pods */ = {
			isa = PBXGroup;
			children = (
				51ABC9F2C0C40CC11601CFB3 /* Pods-CS-MyArena.debug.xcconfig */,
				67B391D784E6E3E68D3E6191 /* Pods-CS-MyArena.release.xcconfig */,
			);
			path = Pods;
			sourceTree = "<group>";
		};
/* End PBXGroup section */

/* Begin PBXNativeTarget section */
		44A260FF25DD7283009A44DA /* CS-MyArena */ = {
			isa = PBXNativeTarget;
			buildConfigurationList = 44A2611425DD72A0009A44DA /* Build configuration list for PBXNativeTarget "CS-MyArena" */;
			buildPhases = (
				0334F9F8386B6CE0FECE5B2C /* [CP] Check Pods Manifest.lock */,
				44A260FC25DD7283009A44DA /* Sources */,
				44A260FD25DD7283009A44DA /* Frameworks */,
				44A260FE25DD7283009A44DA /* Resources */,
				BA5E5214213604C363F444CE /* [CP] Embed Pods Frameworks */,
			);
			buildRules = (
			);
			dependencies = (
			);
			name = "CS-MyArena";
			productName = "CS-MyArena";
			productReference = 44A2610025DD7283009A44DA /* CS-MyArena.app */;
			productType = "com.apple.product-type.application";
		};
/* End PBXNativeTarget section */

/* Begin PBXProject section */
		44A260F825DD7282009A44DA /* Project object */ = {
			isa = PBXProject;
			attributes = {
				LastSwiftUpdateCheck = 1220;
				LastUpgradeCheck = 1220;
				TargetAttributes = {
					44A260FF25DD7283009A44DA = {
						CreatedOnToolsVersion = 12.2;
						LastSwiftMigration = 1240;
					};
				};
			};
			buildConfigurationList = 44A260FB25DD7282009A44DA /* Build configuration list for PBXProject "CS-MyArena" */;
			compatibilityVersion = "Xcode 9.3";
			developmentRegion = en;
			hasScannedForEncodings = 0;
			knownRegions = (
				en,
				Base,
			);
			mainGroup = 44A260F725DD7282009A44DA;
			productRefGroup = 44A2610125DD7283009A44DA /* Products */;
			projectDirPath = "";
			projectRoot = "";
			targets = (
				44A260FF25DD7283009A44DA /* CS-MyArena */,
			);
		};
/* End PBXProject section */

/* Begin PBXResourcesBuildPhase section */
		44A260FE25DD7283009A44DA /* Resources */ = {
			isa = PBXResourcesBuildPhase;
			buildActionMask = 2147483647;
			files = (
				44A3C50925E1C0800098D77E /* ServerInfoViewController.xib in Resources */,
				446C2BC825DFE5DB0037C732 /* Metropolis-Black.otf in Resources */,
				446C2BF025DFE6220037C732 /* Metropolis-SemiBold.otf in Resources */,
				44A3C52025E265C30098D77E /* AddServerViewController.xib in Resources */,
				446C2BD425DFE5EF0037C732 /* Metropolis-ExtraLight.otf in Resources */,
				446C2BE225DFE6100037C732 /* Metropolis-RegularItalic.otf in Resources */,
				446C2BD225DFE5ED0037C732 /* Metropolis-ExtraBoldItalic.otf in Resources */,
				446C2BD825DFE5FE0037C732 /* Metropolis-Light.otf in Resources */,
				446C2BEA25DFE61A0037C732 /* Metropolis-ThinItalic.otf in Resources */,
				446C2BDE25DFE60C0037C732 /* Metropolis-MediumItalic.otf in Resources */,
				446C2BCA25DFE5E00037C732 /* Metropolis-BlackItalic.otf in Resources */,
				446C2BCE25DFE5E60037C732 /* Metropolis-BoldItalic.otf in Resources */,
				44A2611025DD72A0009A44DA /* LaunchScreen.storyboard in Resources */,
				4422974325E8D929004424C3 /* ServerMapsTableViewController.xib in Resources */,
				448CA31E25DF1A9A00E57FDE /* ServersListTableViewCell.xib in Resources */,
				4422973C25E8D8AF004424C3 /* ServerConsoleViewController.xib in Resources */,
				446C2BE625DFE6150037C732 /* Metropolis-SemiBoldItalic.otf in Resources */,
				446C2BEE25DFE61F0037C732 /* Metropolis-Bold.otf in Resources */,
				44A2610D25DD72A0009A44DA /* Assets.xcassets in Resources */,
				4422977C25EAB637004424C3 /* ServerInfoTableViewCell.xib in Resources */,
				446C2BD025DFE5EA0037C732 /* Metropolis-ExtraBold.otf in Resources */,
				446C2BEC25DFE61C0037C732 /* Metropolis-Regular.otf in Resources */,
				446C2BDA25DFE6020037C732 /* Metropolis-LightItalic.otf in Resources */,
				446C2BDC25DFE6040037C732 /* Metropolis-Medium.otf in Resources */,
				446C2BE825DFE6170037C732 /* Metropolis-Thin.otf in Resources */,
				4422972F25E8D7D2004424C3 /* ServerPlayersViewController.xib in Resources */,
				446C2BD625DFE5FC0037C732 /* Metropolis-ExtraLightItalic.otf in Resources */,
			);
			runOnlyForDeploymentPostprocessing = 0;
		};
/* End PBXResourcesBuildPhase section */

/* Begin PBXShellScriptBuildPhase section */
		0334F9F8386B6CE0FECE5B2C /* [CP] Check Pods Manifest.lock */ = {
			isa = PBXShellScriptBuildPhase;
			buildActionMask = 2147483647;
			files = (
			);
			inputFileListPaths = (
			);
			inputPaths = (
				"${PODS_PODFILE_DIR_PATH}/Podfile.lock",
				"${PODS_ROOT}/Manifest.lock",
			);
			name = "[CP] Check Pods Manifest.lock";
			outputFileListPaths = (
			);
			outputPaths = (
				"$(DERIVED_FILE_DIR)/Pods-CS-MyArena-checkManifestLockResult.txt",
			);
			runOnlyForDeploymentPostprocessing = 0;
			shellPath = /bin/sh;
			shellScript = "diff \"${PODS_PODFILE_DIR_PATH}/Podfile.lock\" \"${PODS_ROOT}/Manifest.lock\" > /dev/null\nif [ $? != 0 ] ; then\n    # print error to STDERR\n    echo \"error: The sandbox is not in sync with the Podfile.lock. Run 'pod install' or update your CocoaPods installation.\" >&2\n    exit 1\nfi\n# This output is used by Xcode 'outputs' to avoid re-running this script phase.\necho \"SUCCESS\" > \"${SCRIPT_OUTPUT_FILE_0}\"\n";
			showEnvVarsInLog = 0;
		};
		BA5E5214213604C363F444CE /* [CP] Embed Pods Frameworks */ = {
			isa = PBXShellScriptBuildPhase;
			buildActionMask = 2147483647;
			files = (
			);
			inputFileListPaths = (
				"${PODS_ROOT}/Target Support Files/Pods-CS-MyArena/Pods-CS-MyArena-frameworks-${CONFIGURATION}-input-files.xcfilelist",
			);
			name = "[CP] Embed Pods Frameworks";
			outputFileListPaths = (
				"${PODS_ROOT}/Target Support Files/Pods-CS-MyArena/Pods-CS-MyArena-frameworks-${CONFIGURATION}-output-files.xcfilelist",
			);
			runOnlyForDeploymentPostprocessing = 0;
			shellPath = /bin/sh;
			shellScript = "\"${PODS_ROOT}/Target Support Files/Pods-CS-MyArena/Pods-CS-MyArena-frameworks.sh\"\n";
			showEnvVarsInLog = 0;
		};
/* End PBXShellScriptBuildPhase section */

/* Begin PBXSourcesBuildPhase section */
		44A260FC25DD7283009A44DA /* Sources */ = {
			isa = PBXSourcesBuildPhase;
			buildActionMask = 2147483647;
			files = (
				4422972E25E8D7D2004424C3 /* ServerPlayersViewController.swift in Sources */,
				44A3C50825E1C0800098D77E /* ServerInfoViewController.swift in Sources */,
				44A2612725DD7F51009A44DA /* Box.swift in Sources */,
				44A2610425DD7283009A44DA /* AppDelegate.swift in Sources */,
				44A3C51F25E265C30098D77E /* AddServerViewController.swift in Sources */,
				4422974225E8D929004424C3 /* ServerMapsTableViewController.swift in Sources */,
				448CA2F425DE7BEF00E57FDE /* MyArenaService.swift in Sources */,
				448CA31725DF18E100E57FDE /* ServersListTableViewController.swift in Sources */,
				446C2BF625E0012C0037C732 /* Server.swift in Sources */,
				448CA31225DF0F4100E57FDE /* ServerResult.swift in Sources */,
				4422977B25EAB637004424C3 /* ServerInfoTableViewCell.swift in Sources */,
				44A2613825DD83CC009A44DA /* NibLoadable.swift in Sources */,
				44A3C52B25E2A6150098D77E /* NetworkError.swift in Sources */,
				4422977425EAA78B004424C3 /* ServerInfoTabBarController.swift in Sources */,
				448CA31D25DF1A9A00E57FDE /* ServersListTableViewCell.swift in Sources */,
				44A3C53025E2D2120098D77E /* DataManager.swift in Sources */,
				44A2610625DD7283009A44DA /* SceneDelegate.swift in Sources */,
				4422973B25E8D8AF004424C3 /* ServerConsoleViewController.swift in Sources */,
			);
			runOnlyForDeploymentPostprocessing = 0;
		};
/* End PBXSourcesBuildPhase section */

/* Begin PBXVariantGroup section */
		44A2610E25DD72A0009A44DA /* LaunchScreen.storyboard */ = {
			isa = PBXVariantGroup;
			children = (
				44A2610F25DD72A0009A44DA /* Base */,
			);
			name = LaunchScreen.storyboard;
			sourceTree = "<group>";
		};
/* End PBXVariantGroup section */

/* Begin XCBuildConfiguration section */
		44A2611225DD72A0009A44DA /* Debug */ = {
			isa = XCBuildConfiguration;
			buildSettings = {
				ALWAYS_SEARCH_USER_PATHS = NO;
				CLANG_ANALYZER_NONNULL = YES;
				CLANG_ANALYZER_NUMBER_OBJECT_CONVERSION = YES_AGGRESSIVE;
				CLANG_CXX_LANGUAGE_STANDARD = "gnu++14";
				CLANG_CXX_LIBRARY = "libc++";
				CLANG_ENABLE_MODULES = YES;
				CLANG_ENABLE_OBJC_ARC = YES;
				CLANG_ENABLE_OBJC_WEAK = YES;
				CLANG_WARN_BLOCK_CAPTURE_AUTORELEASING = YES;
				CLANG_WARN_BOOL_CONVERSION = YES;
				CLANG_WARN_COMMA = YES;
				CLANG_WARN_CONSTANT_CONVERSION = YES;
				CLANG_WARN_DEPRECATED_OBJC_IMPLEMENTATIONS = YES;
				CLANG_WARN_DIRECT_OBJC_ISA_USAGE = YES_ERROR;
				CLANG_WARN_DOCUMENTATION_COMMENTS = YES;
				CLANG_WARN_EMPTY_BODY = YES;
				CLANG_WARN_ENUM_CONVERSION = YES;
				CLANG_WARN_INFINITE_RECURSION = YES;
				CLANG_WARN_INT_CONVERSION = YES;
				CLANG_WARN_NON_LITERAL_NULL_CONVERSION = YES;
				CLANG_WARN_OBJC_IMPLICIT_RETAIN_SELF = YES;
				CLANG_WARN_OBJC_LITERAL_CONVERSION = YES;
				CLANG_WARN_OBJC_ROOT_CLASS = YES_ERROR;
				CLANG_WARN_QUOTED_INCLUDE_IN_FRAMEWORK_HEADER = YES;
				CLANG_WARN_RANGE_LOOP_ANALYSIS = YES;
				CLANG_WARN_STRICT_PROTOTYPES = YES;
				CLANG_WARN_SUSPICIOUS_MOVE = YES;
				CLANG_WARN_UNGUARDED_AVAILABILITY = YES_AGGRESSIVE;
				CLANG_WARN_UNREACHABLE_CODE = YES;
				CLANG_WARN__DUPLICATE_METHOD_MATCH = YES;
				COPY_PHASE_STRIP = NO;
				DEBUG_INFORMATION_FORMAT = dwarf;
				ENABLE_STRICT_OBJC_MSGSEND = YES;
				ENABLE_TESTABILITY = YES;
				GCC_C_LANGUAGE_STANDARD = gnu11;
				GCC_DYNAMIC_NO_PIC = NO;
				GCC_NO_COMMON_BLOCKS = YES;
				GCC_OPTIMIZATION_LEVEL = 0;
				GCC_PREPROCESSOR_DEFINITIONS = (
					"DEBUG=1",
					"$(inherited)",
				);
				GCC_WARN_64_TO_32_BIT_CONVERSION = YES;
				GCC_WARN_ABOUT_RETURN_TYPE = YES_ERROR;
				GCC_WARN_UNDECLARED_SELECTOR = YES;
				GCC_WARN_UNINITIALIZED_AUTOS = YES_AGGRESSIVE;
				GCC_WARN_UNUSED_FUNCTION = YES;
				GCC_WARN_UNUSED_VARIABLE = YES;
				INFOPLIST_FILE = "";
				IPHONEOS_DEPLOYMENT_TARGET = 14.2;
				MTL_ENABLE_DEBUG_INFO = INCLUDE_SOURCE;
				MTL_FAST_MATH = YES;
				ONLY_ACTIVE_ARCH = YES;
				SDKROOT = iphoneos;
				SWIFT_ACTIVE_COMPILATION_CONDITIONS = DEBUG;
				SWIFT_OPTIMIZATION_LEVEL = "-Onone";
			};
			name = Debug;
		};
		44A2611325DD72A0009A44DA /* Release */ = {
			isa = XCBuildConfiguration;
			buildSettings = {
				ALWAYS_SEARCH_USER_PATHS = NO;
				CLANG_ANALYZER_NONNULL = YES;
				CLANG_ANALYZER_NUMBER_OBJECT_CONVERSION = YES_AGGRESSIVE;
				CLANG_CXX_LANGUAGE_STANDARD = "gnu++14";
				CLANG_CXX_LIBRARY = "libc++";
				CLANG_ENABLE_MODULES = YES;
				CLANG_ENABLE_OBJC_ARC = YES;
				CLANG_ENABLE_OBJC_WEAK = YES;
				CLANG_WARN_BLOCK_CAPTURE_AUTORELEASING = YES;
				CLANG_WARN_BOOL_CONVERSION = YES;
				CLANG_WARN_COMMA = YES;
				CLANG_WARN_CONSTANT_CONVERSION = YES;
				CLANG_WARN_DEPRECATED_OBJC_IMPLEMENTATIONS = YES;
				CLANG_WARN_DIRECT_OBJC_ISA_USAGE = YES_ERROR;
				CLANG_WARN_DOCUMENTATION_COMMENTS = YES;
				CLANG_WARN_EMPTY_BODY = YES;
				CLANG_WARN_ENUM_CONVERSION = YES;
				CLANG_WARN_INFINITE_RECURSION = YES;
				CLANG_WARN_INT_CONVERSION = YES;
				CLANG_WARN_NON_LITERAL_NULL_CONVERSION = YES;
				CLANG_WARN_OBJC_IMPLICIT_RETAIN_SELF = YES;
				CLANG_WARN_OBJC_LITERAL_CONVERSION = YES;
				CLANG_WARN_OBJC_ROOT_CLASS = YES_ERROR;
				CLANG_WARN_QUOTED_INCLUDE_IN_FRAMEWORK_HEADER = YES;
				CLANG_WARN_RANGE_LOOP_ANALYSIS = YES;
				CLANG_WARN_STRICT_PROTOTYPES = YES;
				CLANG_WARN_SUSPICIOUS_MOVE = YES;
				CLANG_WARN_UNGUARDED_AVAILABILITY = YES_AGGRESSIVE;
				CLANG_WARN_UNREACHABLE_CODE = YES;
				CLANG_WARN__DUPLICATE_METHOD_MATCH = YES;
				COPY_PHASE_STRIP = NO;
				DEBUG_INFORMATION_FORMAT = "dwarf-with-dsym";
				ENABLE_NS_ASSERTIONS = NO;
				ENABLE_STRICT_OBJC_MSGSEND = YES;
				GCC_C_LANGUAGE_STANDARD = gnu11;
				GCC_NO_COMMON_BLOCKS = YES;
				GCC_WARN_64_TO_32_BIT_CONVERSION = YES;
				GCC_WARN_ABOUT_RETURN_TYPE = YES_ERROR;
				GCC_WARN_UNDECLARED_SELECTOR = YES;
				GCC_WARN_UNINITIALIZED_AUTOS = YES_AGGRESSIVE;
				GCC_WARN_UNUSED_FUNCTION = YES;
				GCC_WARN_UNUSED_VARIABLE = YES;
				INFOPLIST_FILE = "";
				IPHONEOS_DEPLOYMENT_TARGET = 14.2;
				MTL_ENABLE_DEBUG_INFO = NO;
				MTL_FAST_MATH = YES;
				SDKROOT = iphoneos;
				SWIFT_COMPILATION_MODE = wholemodule;
				SWIFT_OPTIMIZATION_LEVEL = "-O";
				VALIDATE_PRODUCT = YES;
			};
			name = Release;
		};
		44A2611525DD72A0009A44DA /* Debug */ = {
			isa = XCBuildConfiguration;
			baseConfigurationReference = 51ABC9F2C0C40CC11601CFB3 /* Pods-CS-MyArena.debug.xcconfig */;
			buildSettings = {
				ASSETCATALOG_COMPILER_APPICON_NAME = AppIcon;
				ASSETCATALOG_COMPILER_GLOBAL_ACCENT_COLOR_NAME = AccentColor;
				CLANG_ENABLE_MODULES = YES;
				CODE_SIGN_IDENTITY = "Apple Development";
				CODE_SIGN_STYLE = Automatic;
				DEVELOPMENT_TEAM = D672799VP9;
				INFOPLIST_FILE = "$(SRCROOT)/CS-MyArena/Supporting Files/Info.plist";
				LD_RUNPATH_SEARCH_PATHS = (
					"$(inherited)",
					"@executable_path/Frameworks",
				);
				PRODUCT_BUNDLE_IDENTIFIER = "xyz.al1k24.CS-MyArena";
				PRODUCT_NAME = "$(TARGET_NAME)";
				PROVISIONING_PROFILE_SPECIFIER = "";
				SWIFT_OPTIMIZATION_LEVEL = "-Onone";
				SWIFT_VERSION = 5.0;
				TARGETED_DEVICE_FAMILY = 1;
			};
			name = Debug;
		};
		44A2611625DD72A0009A44DA /* Release */ = {
			isa = XCBuildConfiguration;
			baseConfigurationReference = 67B391D784E6E3E68D3E6191 /* Pods-CS-MyArena.release.xcconfig */;
			buildSettings = {
				ASSETCATALOG_COMPILER_APPICON_NAME = AppIcon;
				ASSETCATALOG_COMPILER_GLOBAL_ACCENT_COLOR_NAME = AccentColor;
				CLANG_ENABLE_MODULES = YES;
				CODE_SIGN_IDENTITY = "Apple Development";
				CODE_SIGN_STYLE = Automatic;
				DEVELOPMENT_TEAM = D672799VP9;
				INFOPLIST_FILE = "$(SRCROOT)/CS-MyArena/Supporting Files/Info.plist";
				LD_RUNPATH_SEARCH_PATHS = (
					"$(inherited)",
					"@executable_path/Frameworks",
				);
				PRODUCT_BUNDLE_IDENTIFIER = "xyz.al1k24.CS-MyArena";
				PRODUCT_NAME = "$(TARGET_NAME)";
				PROVISIONING_PROFILE_SPECIFIER = "";
				SWIFT_VERSION = 5.0;
				TARGETED_DEVICE_FAMILY = 1;
			};
			name = Release;
		};
/* End XCBuildConfiguration section */

/* Begin XCConfigurationList section */
		44A260FB25DD7282009A44DA /* Build configuration list for PBXProject "CS-MyArena" */ = {
			isa = XCConfigurationList;
			buildConfigurations = (
				44A2611225DD72A0009A44DA /* Debug */,
				44A2611325DD72A0009A44DA /* Release */,
			);
			defaultConfigurationIsVisible = 0;
			defaultConfigurationName = Release;
		};
		44A2611425DD72A0009A44DA /* Build configuration list for PBXNativeTarget "CS-MyArena" */ = {
			isa = XCConfigurationList;
			buildConfigurations = (
				44A2611525DD72A0009A44DA /* Debug */,
				44A2611625DD72A0009A44DA /* Release */,
			);
			defaultConfigurationIsVisible = 0;
			defaultConfigurationName = Release;
		};
/* End XCConfigurationList section */
	};
	rootObject = 44A260F825DD7282009A44DA /* Project object */;
}
